
Microsoft Visual Studio Solution File, Format Version 12.00
# Visual Studio 15
VisualStudioVersion = 15.0.28010.2046
MinimumVisualStudioVersion = 10.0.40219.1
Project("{FAE04EC0-301F-11D3-BF4B-00C04F79EFBC}") = "MobiNews.Data", "MobiNews.Data\MobiNews.Data.csproj", "{36184628-C2AD-4C7E-91E7-DE8259A1ACBF}"
EndProject
Project("{FAE04EC0-301F-11D3-BF4B-00C04F79EFBC}") = "MobiNews.Core", "MobiNews.Core\MobiNews.Core.csproj", "{B978FBF5-B5B4-42F0-946D-578F52EC089E}"
EndProject
Project("{FAE04EC0-301F-11D3-BF4B-00C04F79EFBC}") = "mobiNews.Service", "mobiNews.Service\mobiNews.Service.csproj", "{CE74DB54-F108-43AD-80C1-CA26E8BC4533}"
EndProject
Project("{FAE04EC0-301F-11D3-BF4B-00C04F79EFBC}") = "MobiNews.MvcUI", "MobiNews.MvcUI\MobiNews.MvcUI.csproj", "{D587DDF6-3B16-4776-8277-D076178B4E79}"
EndProject
Project("{FAE04EC0-301F-11D3-BF4B-00C04F79EFBC}") = "MobiNews.Test", "MobiNews.Test\MobiNews.Test.csproj", "{DA5FA1D7-01EE-4A65-BAAD-0E1115011876}"
EndProject
Project("{2150E333-8FDC-42A3-9474-1A3956D46DE8}") = "Sample XML data", "Sample XML data", "{74FFE088-FA44-42F9-AFEE-22088BA47153}"
	ProjectSection(SolutionItems) = preProject
		..\NewsStory.xml = ..\NewsStory.xml
		..\publishing.xml = ..\publishing.xml
	EndProjectSection
EndProject
Global
	GlobalSection(SolutionConfigurationPlatforms) = preSolution
		Debug|Any CPU = Debug|Any CPU
		Release|Any CPU = Release|Any CPU
	EndGlobalSection
	GlobalSection(ProjectConfigurationPlatforms) = postSolution
		{36184628-C2AD-4C7E-91E7-DE8259A1ACBF}.Debug|Any CPU.ActiveCfg = Debug|Any CPU
		{36184628-C2AD-4C7E-91E7-DE8259A1ACBF}.Debug|Any CPU.Build.0 = Debug|Any CPU
		{36184628-C2AD-4C7E-91E7-DE8259A1ACBF}.Release|Any CPU.ActiveCfg = Release|Any CPU
		{36184628-C2AD-4C7E-91E7-DE8259A1ACBF}.Release|Any CPU.Build.0 = Release|Any CPU
		{B978FBF5-B5B4-42F0-946D-578F52EC089E}.Debug|Any CPU.ActiveCfg = Debug|Any CPU
		{B978FBF5-B5B4-42F0-946D-578F52EC089E}.Debug|Any CPU.Build.0 = Debug|Any CPU
		{B978FBF5-B5B4-42F0-946D-578F52EC089E}.Release|Any CPU.ActiveCfg = Release|Any CPU
		{B978FBF5-B5B4-42F0-946D-578F52EC089E}.Release|Any CPU.Build.0 = Release|Any CPU
		{CE74DB54-F108-43AD-80C1-CA26E8BC4533}.Debug|Any CPU.ActiveCfg = Debug|Any CPU
		{CE74DB54-F108-43AD-80C1-CA26E8BC4533}.Debug|Any CPU.Build.0 = Debug|Any CPU
		{CE74DB54-F108-43AD-80C1-CA26E8BC4533}.Release|Any CPU.ActiveCfg = Release|Any CPU
		{CE74DB54-F108-43AD-80C1-CA26E8BC4533}.Release|Any CPU.Build.0 = Release|Any CPU
		{D587DDF6-3B16-4776-8277-D076178B4E79}.Debug|Any CPU.ActiveCfg = Debug|Any CPU
		{D587DDF6-3B16-4776-8277-D076178B4E79}.Debug|Any CPU.Build.0 = Debug|Any CPU
		{D587DDF6-3B16-4776-8277-D076178B4E79}.Release|Any CPU.ActiveCfg = Release|Any CPU
		{D587DDF6-3B16-4776-8277-D076178B4E79}.Release|Any CPU.Build.0 = Release|Any CPU
		{DA5FA1D7-01EE-4A65-BAAD-0E1115011876}.Debug|Any CPU.ActiveCfg = Debug|Any CPU
		{DA5FA1D7-01EE-4A65-BAAD-0E1115011876}.Debug|Any CPU.Build.0 = Debug|Any CPU
		{DA5FA1D7-01EE-4A65-BAAD-0E1115011876}.Release|Any CPU.ActiveCfg = Release|Any CPU
		{DA5FA1D7-01EE-4A65-BAAD-0E1115011876}.Release|Any CPU.Build.0 = Release|Any CPU
	EndGlobalSection
	GlobalSection(SolutionProperties) = preSolution
		HideSolutionNode = FALSE
	EndGlobalSection
	GlobalSection(ExtensibilityGlobals) = postSolution
		SolutionGuid = {E1A5B1CA-8BD8-4633-B6A8-60ADE09E09F9}
	EndGlobalSection
EndGlobal
